PODS:
  - Kingfisher (5.15.7):
    - Kingfisher/Core (= 5.15.7)
  - Kingfisher/Core (5.15.7)
  - KRActivityIndicatorView (3.0.7)
  - KRProgressHUD (3.4.7):
    - KRActivityIndicatorView (= 3.0.7)
  - NCMB (3.1.0)
  - NYXImagesKit (2.3)
  - SwiftDate (4.5.0)
  - "UITextView+Placeholder (1.4.0)"

DEPENDENCIES:
  - Kingfisher
  - KRProgressHUD
  - NCMB (from `https://github.com/NIFTYCloud-mbaas/ncmb_ios.git`, branch `develop`)
  - NYXImagesKit
  - SwiftDate (= 4.5.0)
  - "UITextView+Placeholder"

SPEC REPOS:
  trunk:
    - Kingfisher
    - KRActivityIndicatorView
    - KRProgressHUD
    - NYXImagesKit
    - SwiftDate
    - "UITextView+Placeholder"

EXTERNAL SOURCES:
  NCMB:
    :branch: develop
    :git: https://github.com/NIFTYCloud-mbaas/ncmb_ios.git

CHECKOUT OPTIONS:
  NCMB:
    :commit: c9d038fb4ec82dcecedb4ce15c38b869cbebebf4
    :git: https://github.com/NIFTYCloud-mbaas/ncmb_ios.git

SPEC CHECKSUMS:
  Kingfisher: 6e1a13523fcb1c86924ce53affe4ac957e544d59
  KRActivityIndicatorView: ad69e89c4ce40c986cf580595be4829dcad0e35a
  KRProgressHUD: a248f0bc6c9c2aed40a37b76e03ffecc7f85c887
  NCMB: c308972109137bf523ec1830bac16de6a31c25f4
  NYXImagesKit: 8163e3335a40eaa173ca5bbbf81fafb57d3947eb
  SwiftDate: 17dd829c004a2d60432ef63ffcdb26ca2eb97a60
  "UITextView+Placeholder": d7b0c400921f66523f3a85d74f774512e14f6502

PODFILE CHECKSUM: e17c4b7a8563701649f1504300d782516617179e

COCOAPODS: 1.9.3
